{
  "name": "test-neon-package",
  "version": "1.0.0",
  "lockfileVersion": 3,
  "requires": true,
  "packages": {
    "": {
      "name": "test-neon-package",
      "version": "1.0.0",
      "license": "ISC"
    },
    "..": {
      "name": "crud_jt",
      "version": "0.1.0",
      "extraneous": true,
      "license": "MIT",
      "dependencies": {
        "lru-cache": "^11.0.1",
        "msgpack-lite": "^0.1.26"
      },
      "devDependencies": {
        "@neon-rs/cli": "0.1.73"
      }
    },
    "../asfaf/javascript/my-project": {
      "extraneous": true
    },
    "../crud_jt-javascript": {
      "extraneous": true
    },
    "../crud_jt-libs/javascript/my-project": {
      "version": "0.1.0",
      "extraneous": true,
      "license": "MIT",
      "dependencies": {
        "lru-cache": "^11.0.1",
        "msgpack-lite": "^0.1.26"
      },
      "devDependencies": {
        "@neon-rs/cli": "0.1.73"
      }
    }
  }
}
